
Microsoft Visual Studio Solution File, Format Version 12.00
# Visual Studio Version 17
VisualStudioVersion = 17.7.34221.43
MinimumVisualStudioVersion = 10.0.40219.1
Project("{FAE04EC0-301F-11D3-BF4B-00C04F79EFBC}") = "SalaFitness", "SalaFitness\SalaFitness.csproj", "{DECDDE40-CED0-4504-8042-D90DA9B81EAE}"
EndProject
Global
	GlobalSection(SolutionConfigurationPlatforms) = preSolution
		Debug|Any CPU = Debug|Any CPU
		Release|Any CPU = Release|Any CPU
	EndGlobalSection
	GlobalSection(ProjectConfigurationPlatforms) = postSolution
		{DECDDE40-CED0-4504-8042-D90DA9B81EAE}.Debug|Any CPU.ActiveCfg = Debug|Any CPU
		{DECDDE40-CED0-4504-8042-D90DA9B81EAE}.Debug|Any CPU.Build.0 = Debug|Any CPU
		{DECDDE40-CED0-4504-8042-D90DA9B81EAE}.Release|Any CPU.ActiveCfg = Release|Any CPU
		{DECDDE40-CED0-4504-8042-D90DA9B81EAE}.Release|Any CPU.Build.0 = Release|Any CPU
	EndGlobalSection
	GlobalSection(SolutionProperties) = preSolution
		HideSolutionNode = FALSE
	EndGlobalSection
	GlobalSection(ExtensibilityGlobals) = postSolution
		SolutionGuid = {00543FBF-5F0E-4767-A61E-A22D92A9C6A0}
	EndGlobalSection
EndGlobal
